
Microsoft Visual Studio Solution File, Format Version 12.00
# Visual Studio Version 17
VisualStudioVersion = 17.5.33530.505
MinimumVisualStudioVersion = 10.0.40219.1
Project("{FAE04EC0-301F-11D3-BF4B-00C04F79EFBC}") = "PassLinkControlToClass", "PassLinkControlToClass.csproj", "{1C686478-79FF-4FB0-BDFB-6BD125F9CA1B}"
EndProject
Global
	GlobalSection(SolutionConfigurationPlatforms) = preSolution
		Debug|Any CPU = Debug|Any CPU
		Release|Any CPU = Release|Any CPU
	EndGlobalSection
	GlobalSection(ProjectConfigurationPlatforms) = postSolution
		{1C686478-79FF-4FB0-BDFB-6BD125F9CA1B}.Debug|Any CPU.ActiveCfg = Debug|Any CPU
		{1C686478-79FF-4FB0-BDFB-6BD125F9CA1B}.Debug|Any CPU.Build.0 = Debug|Any CPU
		{1C686478-79FF-4FB0-BDFB-6BD125F9CA1B}.Release|Any CPU.ActiveCfg = Release|Any CPU
		{1C686478-79FF-4FB0-BDFB-6BD125F9CA1B}.Release|Any CPU.Build.0 = Release|Any CPU
	EndGlobalSection
	GlobalSection(SolutionProperties) = preSolution
		HideSolutionNode = FALSE
	EndGlobalSection
	GlobalSection(ExtensibilityGlobals) = postSolution
		SolutionGuid = {D56E3796-F593-49B9-9469-CD35A399D5B8}
	EndGlobalSection
EndGlobal
